
Microsoft Visual Studio Solution File, Format Version 12.00
Project("{FAE04EC0-301F-11D3-BF4B-00C04F79EFBC}") = "Avalonia.ProtoParse.Desktop", "Avalonia.ProtoParse.Desktop\Avalonia.ProtoParse.Desktop.csproj", "{806A69A0-EE7C-4439-8057-B14687E17993}"
EndProject
Global
	GlobalSection(SolutionConfigurationPlatforms) = preSolution
		Debug|Any CPU = Debug|Any CPU
		Release|Any CPU = Release|Any CPU
	EndGlobalSection
	GlobalSection(ProjectConfigurationPlatforms) = postSolution
		{806A69A0-EE7C-4439-8057-B14687E17993}.Debug|Any CPU.ActiveCfg = Debug|Any CPU
		{806A69A0-EE7C-4439-8057-B14687E17993}.Debug|Any CPU.Build.0 = Debug|Any CPU
		{806A69A0-EE7C-4439-8057-B14687E17993}.Release|Any CPU.ActiveCfg = Release|Any CPU
		{806A69A0-EE7C-4439-8057-B14687E17993}.Release|Any CPU.Build.0 = Release|Any CPU
	EndGlobalSection
EndGlobal
