
Microsoft Visual Studio Solution File, Format Version 12.00
Project("{FAE04EC0-301F-11D3-BF4B-00C04F79EFBC}") = "Avalonia.ProtoParse.Desktop", "Avalonia.ProtoParse.Desktop\Avalonia.ProtoParse.Desktop.csproj", "{806A69A0-EE7C-4439-8057-B14687E17993}"
EndProject
Project("{FAE04EC0-301F-11D3-BF4B-00C04F79EFBC}") = "Avalonia.ProtoParse.Tests", "Avalonia.ProtoParse.Tests\Avalonia.ProtoParse.Tests.csproj", "{D3707077-9C58-40E7-BA63-208DF84BEA54}"
EndProject
Global
	GlobalSection(SolutionConfigurationPlatforms) = preSolution
		Debug|Any CPU = Debug|Any CPU
		Debug|x64 = Debug|x64
		Debug|x86 = Debug|x86
		Release|Any CPU = Release|Any CPU
		Release|x64 = Release|x64
		Release|x86 = Release|x86
	EndGlobalSection
	GlobalSection(ProjectConfigurationPlatforms) = postSolution
		{806A69A0-EE7C-4439-8057-B14687E17993}.Debug|Any CPU.ActiveCfg = Debug|Any CPU
		{806A69A0-EE7C-4439-8057-B14687E17993}.Debug|Any CPU.Build.0 = Debug|Any CPU
		{806A69A0-EE7C-4439-8057-B14687E17993}.Debug|x64.ActiveCfg = Debug|Any CPU
		{806A69A0-EE7C-4439-8057-B14687E17993}.Debug|x64.Build.0 = Debug|Any CPU
		{806A69A0-EE7C-4439-8057-B14687E17993}.Debug|x86.ActiveCfg = Debug|Any CPU
		{806A69A0-EE7C-4439-8057-B14687E17993}.Debug|x86.Build.0 = Debug|Any CPU
		{806A69A0-EE7C-4439-8057-B14687E17993}.Release|Any CPU.ActiveCfg = Release|Any CPU
		{806A69A0-EE7C-4439-8057-B14687E17993}.Release|Any CPU.Build.0 = Release|Any CPU
		{806A69A0-EE7C-4439-8057-B14687E17993}.Release|x64.ActiveCfg = Release|Any CPU
		{806A69A0-EE7C-4439-8057-B14687E17993}.Release|x64.Build.0 = Release|Any CPU
		{806A69A0-EE7C-4439-8057-B14687E17993}.Release|x86.ActiveCfg = Release|Any CPU
		{806A69A0-EE7C-4439-8057-B14687E17993}.Release|x86.Build.0 = Release|Any CPU
		{D3707077-9C58-40E7-BA63-208DF84BEA54}.Debug|Any CPU.ActiveCfg = Debug|Any CPU
		{D3707077-9C58-40E7-BA63-208DF84BEA54}.Debug|Any CPU.Build.0 = Debug|Any CPU
		{D3707077-9C58-40E7-BA63-208DF84BEA54}.Debug|x64.ActiveCfg = Debug|Any CPU
		{D3707077-9C58-40E7-BA63-208DF84BEA54}.Debug|x64.Build.0 = Debug|Any CPU
		{D3707077-9C58-40E7-BA63-208DF84BEA54}.Debug|x86.ActiveCfg = Debug|Any CPU
		{D3707077-9C58-40E7-BA63-208DF84BEA54}.Debug|x86.Build.0 = Debug|Any CPU
		{D3707077-9C58-40E7-BA63-208DF84BEA54}.Release|Any CPU.ActiveCfg = Release|Any CPU
		{D3707077-9C58-40E7-BA63-208DF84BEA54}.Release|Any CPU.Build.0 = Release|Any CPU
		{D3707077-9C58-40E7-BA63-208DF84BEA54}.Release|x64.ActiveCfg = Release|Any CPU
		{D3707077-9C58-40E7-BA63-208DF84BEA54}.Release|x64.Build.0 = Release|Any CPU
		{D3707077-9C58-40E7-BA63-208DF84BEA54}.Release|x86.ActiveCfg = Release|Any CPU
		{D3707077-9C58-40E7-BA63-208DF84BEA54}.Release|x86.Build.0 = Release|Any CPU
	EndGlobalSection
	GlobalSection(SolutionProperties) = preSolution
		HideSolutionNode = FALSE
	EndGlobalSection
EndGlobal
